
Microsoft Visual Studio Solution File, Format Version 12.00
# Visual Studio Version 17
VisualStudioVersion = 17.5.002.0
MinimumVisualStudioVersion = 10.0.40219.1
Project("{9A19103F-16F7-4668-BE54-9A1E7A4F7556}") = "hc-error-explicit-binding", "hc-error-explicit-binding.csproj", "{9587BBD6-8D6B-468E-8383-605F20359177}"
EndProject
Global
	GlobalSection(SolutionConfigurationPlatforms) = preSolution
		Debug|Any CPU = Debug|Any CPU
		Release|Any CPU = Release|Any CPU
	EndGlobalSection
	GlobalSection(ProjectConfigurationPlatforms) = postSolution
		{9587BBD6-8D6B-468E-8383-605F20359177}.Debug|Any CPU.ActiveCfg = Debug|Any CPU
		{9587BBD6-8D6B-468E-8383-605F20359177}.Debug|Any CPU.Build.0 = Debug|Any CPU
		{9587BBD6-8D6B-468E-8383-605F20359177}.Release|Any CPU.ActiveCfg = Release|Any CPU
		{9587BBD6-8D6B-468E-8383-605F20359177}.Release|Any CPU.Build.0 = Release|Any CPU
	EndGlobalSection
	GlobalSection(SolutionProperties) = preSolution
		HideSolutionNode = FALSE
	EndGlobalSection
	GlobalSection(ExtensibilityGlobals) = postSolution
		SolutionGuid = {B5E2E5C8-7E8C-4A73-B54E-31CE132B6BC8}
	EndGlobalSection
EndGlobal
